
Microsoft Visual Studio Solution File, Format Version 12.00
# Visual Studio Version 16
VisualStudioVersion = 16.0.30011.22
MinimumVisualStudioVersion = 10.0.40219.1
Project("{FAE04EC0-301F-11D3-BF4B-00C04F79EFBC}") = "HunterPie", "HunterPie\HunterPie.csproj", "{23275082-2E7B-4CF2-9AF5-B792D333A671}"
	ProjectSection(ProjectDependencies) = postProject
		{38DA002E-7A2D-46BA-8E31-4CD0ED8EC257} = {38DA002E-7A2D-46BA-8E31-4CD0ED8EC257}
	EndProjectSection
EndProject
Project("{FAE04EC0-301F-11D3-BF4B-00C04F79EFBC}") = "Update", "Update\Update.csproj", "{201433DD-6743-407E-B44B-5DE9B5CB7F49}"
EndProject
Project("{FAE04EC0-301F-11D3-BF4B-00C04F79EFBC}") = "HunterPie.Core", "HunterPie.Core\HunterPie.Core.csproj", "{38DA002E-7A2D-46BA-8E31-4CD0ED8EC257}"
EndProject
Project("{FAE04EC0-301F-11D3-BF4B-00C04F79EFBC}") = "HunterPie.UI", "HunterPie.UI\HunterPie.UI.csproj", "{9E9CCD04-0006-4ECF-A973-8776B638121C}"
EndProject
Project("{9A19103F-16F7-4668-BE54-9A1E7A4F7556}") = "HunterPie.CoreTests", "HunterPie.CoreTests\HunterPie.CoreTests.csproj", "{1EB047B2-8B5B-4CD8-92D9-C47977F893F7}"
EndProject
Project("{FAE04EC0-301F-11D3-BF4B-00C04F79EFBC}") = "ExamplePlugin", "HunterPie\Modules\ExamplePlugin\ExamplePlugin.csproj", "{D73A5572-F5F0-47E0-B49F-AC82F372B91A}"
EndProject
Project("{8BC9CEB8-8B4A-11D0-8D11-00A0C91BC942}") = "HunterPie.Native", "HunterPie.Native\HunterPie.Native.vcxproj", "{02DF7F66-2A6C-4DDF-9FE6-ABAD6AEE4488}"
EndProject
Global
	GlobalSection(SolutionConfigurationPlatforms) = preSolution
		Debug|Any CPU = Debug|Any CPU
		Debug|x64 = Debug|x64
		Debug|x86 = Debug|x86
		Release|Any CPU = Release|Any CPU
		Release|x64 = Release|x64
		Release|x86 = Release|x86
	EndGlobalSection
	GlobalSection(ProjectConfigurationPlatforms) = postSolution
		{23275082-2E7B-4CF2-9AF5-B792D333A671}.Debug|Any CPU.ActiveCfg = Debug|Any CPU
		{23275082-2E7B-4CF2-9AF5-B792D333A671}.Debug|Any CPU.Build.0 = Debug|Any CPU
		{23275082-2E7B-4CF2-9AF5-B792D333A671}.Debug|x64.ActiveCfg = Debug|x64
		{23275082-2E7B-4CF2-9AF5-B792D333A671}.Debug|x64.Build.0 = Debug|x64
		{23275082-2E7B-4CF2-9AF5-B792D333A671}.Debug|x86.ActiveCfg = Debug|Any CPU
		{23275082-2E7B-4CF2-9AF5-B792D333A671}.Debug|x86.Build.0 = Debug|Any CPU
		{23275082-2E7B-4CF2-9AF5-B792D333A671}.Release|Any CPU.ActiveCfg = Release|Any CPU
		{23275082-2E7B-4CF2-9AF5-B792D333A671}.Release|Any CPU.Build.0 = Release|Any CPU
		{23275082-2E7B-4CF2-9AF5-B792D333A671}.Release|x64.ActiveCfg = Release|x64
		{23275082-2E7B-4CF2-9AF5-B792D333A671}.Release|x64.Build.0 = Release|x64
		{23275082-2E7B-4CF2-9AF5-B792D333A671}.Release|x86.ActiveCfg = Release|Any CPU
		{23275082-2E7B-4CF2-9AF5-B792D333A671}.Release|x86.Build.0 = Release|Any CPU
		{201433DD-6743-407E-B44B-5DE9B5CB7F49}.Debug|Any CPU.ActiveCfg = Debug|Any CPU
		{201433DD-6743-407E-B44B-5DE9B5CB7F49}.Debug|Any CPU.Build.0 = Debug|Any CPU
		{201433DD-6743-407E-B44B-5DE9B5CB7F49}.Debug|x64.ActiveCfg = Debug|Any CPU
		{201433DD-6743-407E-B44B-5DE9B5CB7F49}.Debug|x64.Build.0 = Debug|Any CPU
		{201433DD-6743-407E-B44B-5DE9B5CB7F49}.Debug|x86.ActiveCfg = Debug|Any CPU
		{201433DD-6743-407E-B44B-5DE9B5CB7F49}.Debug|x86.Build.0 = Debug|Any CPU
		{201433DD-6743-407E-B44B-5DE9B5CB7F49}.Release|Any CPU.ActiveCfg = Release|Any CPU
		{201433DD-6743-407E-B44B-5DE9B5CB7F49}.Release|Any CPU.Build.0 = Release|Any CPU
		{201433DD-6743-407E-B44B-5DE9B5CB7F49}.Release|x64.ActiveCfg = Release|Any CPU
		{201433DD-6743-407E-B44B-5DE9B5CB7F49}.Release|x64.Build.0 = Release|Any CPU
		{201433DD-6743-407E-B44B-5DE9B5CB7F49}.Release|x86.ActiveCfg = Release|Any CPU
		{201433DD-6743-407E-B44B-5DE9B5CB7F49}.Release|x86.Build.0 = Release|Any CPU
		{38DA002E-7A2D-46BA-8E31-4CD0ED8EC257}.Debug|Any CPU.ActiveCfg = Debug|Any CPU
		{38DA002E-7A2D-46BA-8E31-4CD0ED8EC257}.Debug|Any CPU.Build.0 = Debug|Any CPU
		{38DA002E-7A2D-46BA-8E31-4CD0ED8EC257}.Debug|x64.ActiveCfg = Debug|x64
		{38DA002E-7A2D-46BA-8E31-4CD0ED8EC257}.Debug|x64.Build.0 = Debug|x64
		{38DA002E-7A2D-46BA-8E31-4CD0ED8EC257}.Debug|x86.ActiveCfg = Debug|Any CPU
		{38DA002E-7A2D-46BA-8E31-4CD0ED8EC257}.Debug|x86.Build.0 = Debug|Any CPU
		{38DA002E-7A2D-46BA-8E31-4CD0ED8EC257}.Release|Any CPU.ActiveCfg = Release|Any CPU
		{38DA002E-7A2D-46BA-8E31-4CD0ED8EC257}.Release|Any CPU.Build.0 = Release|Any CPU
		{38DA002E-7A2D-46BA-8E31-4CD0ED8EC257}.Release|x64.ActiveCfg = Release|x64
		{38DA002E-7A2D-46BA-8E31-4CD0ED8EC257}.Release|x64.Build.0 = Release|x64
		{38DA002E-7A2D-46BA-8E31-4CD0ED8EC257}.Release|x86.ActiveCfg = Release|Any CPU
		{38DA002E-7A2D-46BA-8E31-4CD0ED8EC257}.Release|x86.Build.0 = Release|Any CPU
		{9E9CCD04-0006-4ECF-A973-8776B638121C}.Debug|Any CPU.ActiveCfg = Debug|Any CPU
		{9E9CCD04-0006-4ECF-A973-8776B638121C}.Debug|Any CPU.Build.0 = Debug|Any CPU
		{9E9CCD04-0006-4ECF-A973-8776B638121C}.Debug|x64.ActiveCfg = Debug|x64
		{9E9CCD04-0006-4ECF-A973-8776B638121C}.Debug|x64.Build.0 = Debug|x64
		{9E9CCD04-0006-4ECF-A973-8776B638121C}.Debug|x86.ActiveCfg = Debug|Any CPU
		{9E9CCD04-0006-4ECF-A973-8776B638121C}.Debug|x86.Build.0 = Debug|Any CPU
		{9E9CCD04-0006-4ECF-A973-8776B638121C}.Release|Any CPU.ActiveCfg = Release|Any CPU
		{9E9CCD04-0006-4ECF-A973-8776B638121C}.Release|Any CPU.Build.0 = Release|Any CPU
		{9E9CCD04-0006-4ECF-A973-8776B638121C}.Release|x64.ActiveCfg = Release|x64
		{9E9CCD04-0006-4ECF-A973-8776B638121C}.Release|x64.Build.0 = Release|x64
		{9E9CCD04-0006-4ECF-A973-8776B638121C}.Release|x86.ActiveCfg = Release|Any CPU
		{9E9CCD04-0006-4ECF-A973-8776B638121C}.Release|x86.Build.0 = Release|Any CPU
		{1EB047B2-8B5B-4CD8-92D9-C47977F893F7}.Debug|Any CPU.ActiveCfg = Debug|Any CPU
		{1EB047B2-8B5B-4CD8-92D9-C47977F893F7}.Debug|Any CPU.Build.0 = Debug|Any CPU
		{1EB047B2-8B5B-4CD8-92D9-C47977F893F7}.Debug|x64.ActiveCfg = Debug|Any CPU
		{1EB047B2-8B5B-4CD8-92D9-C47977F893F7}.Debug|x64.Build.0 = Debug|Any CPU
		{1EB047B2-8B5B-4CD8-92D9-C47977F893F7}.Debug|x86.ActiveCfg = Debug|Any CPU
		{1EB047B2-8B5B-4CD8-92D9-C47977F893F7}.Debug|x86.Build.0 = Debug|Any CPU
		{1EB047B2-8B5B-4CD8-92D9-C47977F893F7}.Release|Any CPU.ActiveCfg = Release|Any CPU
		{1EB047B2-8B5B-4CD8-92D9-C47977F893F7}.Release|Any CPU.Build.0 = Release|Any CPU
		{1EB047B2-8B5B-4CD8-92D9-C47977F893F7}.Release|x64.ActiveCfg = Release|Any CPU
		{1EB047B2-8B5B-4CD8-92D9-C47977F893F7}.Release|x64.Build.0 = Release|Any CPU
		{1EB047B2-8B5B-4CD8-92D9-C47977F893F7}.Release|x86.ActiveCfg = Release|Any CPU
		{1EB047B2-8B5B-4CD8-92D9-C47977F893F7}.Release|x86.Build.0 = Release|Any CPU
		{D73A5572-F5F0-47E0-B49F-AC82F372B91A}.Debug|Any CPU.ActiveCfg = Debug|Any CPU
		{D73A5572-F5F0-47E0-B49F-AC82F372B91A}.Debug|Any CPU.Build.0 = Debug|Any CPU
		{D73A5572-F5F0-47E0-B49F-AC82F372B91A}.Debug|x64.ActiveCfg = Debug|x64
		{D73A5572-F5F0-47E0-B49F-AC82F372B91A}.Debug|x64.Build.0 = Debug|x64
		{D73A5572-F5F0-47E0-B49F-AC82F372B91A}.Debug|x86.ActiveCfg = Debug|Any CPU
		{D73A5572-F5F0-47E0-B49F-AC82F372B91A}.Debug|x86.Build.0 = Debug|Any CPU
		{D73A5572-F5F0-47E0-B49F-AC82F372B91A}.Release|Any CPU.ActiveCfg = Release|Any CPU
		{D73A5572-F5F0-47E0-B49F-AC82F372B91A}.Release|Any CPU.Build.0 = Release|Any CPU
		{D73A5572-F5F0-47E0-B49F-AC82F372B91A}.Release|x64.ActiveCfg = Release|x64
		{D73A5572-F5F0-47E0-B49F-AC82F372B91A}.Release|x64.Build.0 = Release|x64
		{D73A5572-F5F0-47E0-B49F-AC82F372B91A}.Release|x86.ActiveCfg = Release|Any CPU
		{D73A5572-F5F0-47E0-B49F-AC82F372B91A}.Release|x86.Build.0 = Release|Any CPU
		{02DF7F66-2A6C-4DDF-9FE6-ABAD6AEE4488}.Debug|Any CPU.ActiveCfg = Debug|x64
		{02DF7F66-2A6C-4DDF-9FE6-ABAD6AEE4488}.Debug|Any CPU.Build.0 = Debug|x64
		{02DF7F66-2A6C-4DDF-9FE6-ABAD6AEE4488}.Debug|x64.ActiveCfg = Debug|x64
		{02DF7F66-2A6C-4DDF-9FE6-ABAD6AEE4488}.Debug|x64.Build.0 = Debug|x64
		{02DF7F66-2A6C-4DDF-9FE6-ABAD6AEE4488}.Debug|x86.ActiveCfg = Debug|Win32
		{02DF7F66-2A6C-4DDF-9FE6-ABAD6AEE4488}.Debug|x86.Build.0 = Debug|Win32
		{02DF7F66-2A6C-4DDF-9FE6-ABAD6AEE4488}.Release|Any CPU.ActiveCfg = Release|x64
		{02DF7F66-2A6C-4DDF-9FE6-ABAD6AEE4488}.Release|Any CPU.Build.0 = Release|x64
		{02DF7F66-2A6C-4DDF-9FE6-ABAD6AEE4488}.Release|x64.ActiveCfg = Release|x64
		{02DF7F66-2A6C-4DDF-9FE6-ABAD6AEE4488}.Release|x64.Build.0 = Release|x64
		{02DF7F66-2A6C-4DDF-9FE6-ABAD6AEE4488}.Release|x86.ActiveCfg = Release|Win32
		{02DF7F66-2A6C-4DDF-9FE6-ABAD6AEE4488}.Release|x86.Build.0 = Release|Win32
	EndGlobalSection
	GlobalSection(SolutionProperties) = preSolution
		HideSolutionNode = FALSE
	EndGlobalSection
	GlobalSection(ExtensibilityGlobals) = postSolution
		SolutionGuid = {E91B95BB-8E7E-46D2-85FE-48828E7413A2}
	EndGlobalSection
EndGlobal
